
Microsoft Visual Studio Solution File, Format Version 12.00
# Visual Studio 15
VisualStudioVersion = 15.0.26430.16
MinimumVisualStudioVersion = 14.0.23107.0
Project("{9A19103F-16F7-4668-BE54-9A1E7A4F7556}") = "Commands", "Commands\Commands.csproj", "{E46735AB-DF37-4D99-9E8A-7F014D92F82E}"
EndProject
Project("{FAE04EC0-301F-11D3-BF4B-00C04F79EFBC}") = "Model", "Model\Model.csproj", "{4D793ACB-B690-4E9D-A829-906404FF9264}"
EndProject
Project("{9A19103F-16F7-4668-BE54-9A1E7A4F7556}") = "Store", "Store\Store.csproj", "{BD330A44-DABF-43E9-83B4-0750F8F1DB9D}"
EndProject
Project("{9A19103F-16F7-4668-BE54-9A1E7A4F7556}") = "Services", "Services\Services.csproj", "{8CAA29B1-94B6-46C2-AF82-E049D35775C5}"
EndProject
Project("{9A19103F-16F7-4668-BE54-9A1E7A4F7556}") = "DesktopIntegration", "DesktopIntegration\DesktopIntegration.csproj", "{F48937E1-3763-465F-9F12-6CBBBFF61784}"
EndProject
Project("{9A19103F-16F7-4668-BE54-9A1E7A4F7556}") = "UnitTests", "UnitTests\UnitTests.csproj", "{06237727-AEA0-4E42-85C0-C0886F425352}"
EndProject
Project("{9A19103F-16F7-4668-BE54-9A1E7A4F7556}") = "Publish", "Publish\Publish.csproj", "{996B5E17-68C8-4901-990F-7D3660A78AA0}"
EndProject
Project("{2150E333-8FDC-42A3-9474-1A3956D46DE8}") = "Shared", "Shared", "{6EE63B66-9CAC-43DF-B79A-C7A9083CE717}"
ProjectSection(SolutionItems) = preProject
	Directory.Build.props = Directory.Build.props
	XmlSerializer.Generator.targets = XmlSerializer.Generator.targets
EndProjectSection
EndProject
Project("{FAE04EC0-301F-11D3-BF4B-00C04F79EFBC}") = "Archives", "Archives\Archives.csproj", "{C0837D88-ECC9-45EE-8D07-869DEECCCFD8}"
EndProject
Project("{FAE04EC0-301F-11D3-BF4B-00C04F79EFBC}") = "Client", "Client\Client.csproj", "{BFAB23E2-5832-46D8-BC81-DD237EE22756}"
EndProject
Global
	GlobalSection(SolutionConfigurationPlatforms) = preSolution
		Debug|Any CPU = Debug|Any CPU
		Release|Any CPU = Release|Any CPU
	EndGlobalSection
	GlobalSection(ProjectConfigurationPlatforms) = postSolution
		{E46735AB-DF37-4D99-9E8A-7F014D92F82E}.Debug|Any CPU.ActiveCfg = Debug|Any CPU
		{E46735AB-DF37-4D99-9E8A-7F014D92F82E}.Debug|Any CPU.Build.0 = Debug|Any CPU
		{E46735AB-DF37-4D99-9E8A-7F014D92F82E}.Release|Any CPU.ActiveCfg = Release|Any CPU
		{E46735AB-DF37-4D99-9E8A-7F014D92F82E}.Release|Any CPU.Build.0 = Release|Any CPU
		{4D793ACB-B690-4E9D-A829-906404FF9264}.Debug|Any CPU.ActiveCfg = Debug|Any CPU
		{4D793ACB-B690-4E9D-A829-906404FF9264}.Debug|Any CPU.Build.0 = Debug|Any CPU
		{4D793ACB-B690-4E9D-A829-906404FF9264}.Release|Any CPU.ActiveCfg = Release|Any CPU
		{4D793ACB-B690-4E9D-A829-906404FF9264}.Release|Any CPU.Build.0 = Release|Any CPU
		{BD330A44-DABF-43E9-83B4-0750F8F1DB9D}.Debug|Any CPU.ActiveCfg = Debug|Any CPU
		{BD330A44-DABF-43E9-83B4-0750F8F1DB9D}.Debug|Any CPU.Build.0 = Debug|Any CPU
		{BD330A44-DABF-43E9-83B4-0750F8F1DB9D}.Release|Any CPU.ActiveCfg = Release|Any CPU
		{BD330A44-DABF-43E9-83B4-0750F8F1DB9D}.Release|Any CPU.Build.0 = Release|Any CPU
		{8CAA29B1-94B6-46C2-AF82-E049D35775C5}.Debug|Any CPU.ActiveCfg = Debug|Any CPU
		{8CAA29B1-94B6-46C2-AF82-E049D35775C5}.Debug|Any CPU.Build.0 = Debug|Any CPU
		{8CAA29B1-94B6-46C2-AF82-E049D35775C5}.Release|Any CPU.ActiveCfg = Release|Any CPU
		{8CAA29B1-94B6-46C2-AF82-E049D35775C5}.Release|Any CPU.Build.0 = Release|Any CPU
		{F48937E1-3763-465F-9F12-6CBBBFF61784}.Debug|Any CPU.ActiveCfg = Debug|Any CPU
		{F48937E1-3763-465F-9F12-6CBBBFF61784}.Debug|Any CPU.Build.0 = Debug|Any CPU
		{F48937E1-3763-465F-9F12-6CBBBFF61784}.Release|Any CPU.ActiveCfg = Release|Any CPU
		{F48937E1-3763-465F-9F12-6CBBBFF61784}.Release|Any CPU.Build.0 = Release|Any CPU
		{06237727-AEA0-4E42-85C0-C0886F425352}.Debug|Any CPU.ActiveCfg = Debug|Any CPU
		{06237727-AEA0-4E42-85C0-C0886F425352}.Debug|Any CPU.Build.0 = Debug|Any CPU
		{06237727-AEA0-4E42-85C0-C0886F425352}.Release|Any CPU.ActiveCfg = Release|Any CPU
		{06237727-AEA0-4E42-85C0-C0886F425352}.Release|Any CPU.Build.0 = Release|Any CPU
		{996B5E17-68C8-4901-990F-7D3660A78AA0}.Debug|Any CPU.ActiveCfg = Debug|Any CPU
		{996B5E17-68C8-4901-990F-7D3660A78AA0}.Debug|Any CPU.Build.0 = Debug|Any CPU
		{996B5E17-68C8-4901-990F-7D3660A78AA0}.Release|Any CPU.ActiveCfg = Release|Any CPU
		{996B5E17-68C8-4901-990F-7D3660A78AA0}.Release|Any CPU.Build.0 = Release|Any CPU
		{C0837D88-ECC9-45EE-8D07-869DEECCCFD8}.Debug|Any CPU.ActiveCfg = Debug|Any CPU
		{C0837D88-ECC9-45EE-8D07-869DEECCCFD8}.Debug|Any CPU.Build.0 = Debug|Any CPU
		{C0837D88-ECC9-45EE-8D07-869DEECCCFD8}.Release|Any CPU.ActiveCfg = Release|Any CPU
		{C0837D88-ECC9-45EE-8D07-869DEECCCFD8}.Release|Any CPU.Build.0 = Release|Any CPU
		{BFAB23E2-5832-46D8-BC81-DD237EE22756}.Debug|Any CPU.ActiveCfg = Debug|Any CPU
		{BFAB23E2-5832-46D8-BC81-DD237EE22756}.Debug|Any CPU.Build.0 = Debug|Any CPU
		{BFAB23E2-5832-46D8-BC81-DD237EE22756}.Release|Any CPU.ActiveCfg = Release|Any CPU
		{BFAB23E2-5832-46D8-BC81-DD237EE22756}.Release|Any CPU.Build.0 = Release|Any CPU
	EndGlobalSection
	GlobalSection(SolutionProperties) = preSolution
		HideSolutionNode = FALSE
	EndGlobalSection
EndGlobal
